
Microsoft Visual Studio Solution File, Format Version 12.00
# Visual Studio Version 16
VisualStudioVersion = 16.0.31313.79
MinimumVisualStudioVersion = 10.0.40219.1
Project("{888888A0-9F3D-457C-B088-3A5042F75D52}") = "PythonBinaryTreeImplementation", "PythonBinaryTreeImplementation\PythonBinaryTreeImplementation.pyproj", "{A3F7970A-ECBA-459E-A9D8-B8A2F3D8781B}"
EndProject
Global
	GlobalSection(SolutionConfigurationPlatforms) = preSolution
		Debug|Any CPU = Debug|Any CPU
		Release|Any CPU = Release|Any CPU
	EndGlobalSection
	GlobalSection(ProjectConfigurationPlatforms) = postSolution
		{A3F7970A-ECBA-459E-A9D8-B8A2F3D8781B}.Debug|Any CPU.ActiveCfg = Debug|Any CPU
		{A3F7970A-ECBA-459E-A9D8-B8A2F3D8781B}.Release|Any CPU.ActiveCfg = Release|Any CPU
	EndGlobalSection
	GlobalSection(SolutionProperties) = preSolution
		HideSolutionNode = FALSE
	EndGlobalSection
	GlobalSection(ExtensibilityGlobals) = postSolution
		SolutionGuid = {D8434506-D024-4E9F-8701-5B558ED84815}
	EndGlobalSection
EndGlobal
